{
  "name": "ssl",
  "lockfileVersion": 3,
  "requires": true,
  "packages": {
    "": {
      "dependencies": {
        "js-pinyin": "^0.2.4"
      }
    },
    "node_modules/js-pinyin": {
      "version": "0.2.4",
      "resolved": "https://registry.npmjs.org/js-pinyin/-/js-pinyin-0.2.4.tgz",
      "integrity": "sha512-JyWqZqdypu5R8QqTHRV/w6Y+3sxFqiTrnbodAj0d5SwfHIHg0gJBmsXv+kXd6NHkHrk37VrQ7WaAwungX+Ny0Q=="
    }
  }
}
